
Microsoft Visual Studio Solution File, Format Version 12.00
# Visual Studio Version 16
VisualStudioVersion = 16.0.29006.145
MinimumVisualStudioVersion = 10.0.40219.1
Project("{FAE04EC0-301F-11D3-BF4B-00C04F79EFBC}") = "Biobanks.Web", "Biobanks.Web\Biobanks.Web.csproj", "{2763058F-FB55-47BF-B9B5-F39A2E733BD2}"
	ProjectSection(ProjectDependencies) = postProject
		{5E3E4EB7-4168-473A-B76F-36B95AD45678} = {5E3E4EB7-4168-473A-B76F-36B95AD45678}
	EndProjectSection
EndProject
Project("{9A19103F-16F7-4668-BE54-9A1E7A4F7556}") = "Search", "Search\Search.csproj", "{A0B448D5-603B-4488-9FB8-73DEE25D47F7}"
EndProject
Project("{9A19103F-16F7-4668-BE54-9A1E7A4F7556}") = "Data", "Data\Data.csproj", "{F087CD21-D746-4F63-84B1-9038E471E258}"
EndProject
Project("{9A19103F-16F7-4668-BE54-9A1E7A4F7556}") = "Identity", "Identity\Identity.csproj", "{68B365E5-3ACB-4353-B09D-539154287278}"
EndProject
Project("{9A19103F-16F7-4668-BE54-9A1E7A4F7556}") = "Services", "Services\Services.csproj", "{6705A522-FCF9-4FE4-A9AE-57A28EC49886}"
EndProject
Project("{2150E333-8FDC-42A3-9474-1A3956D46DE8}") = "lib", "lib", "{14B3CC7D-E535-45D2-B61D-A45D23D074E2}"
EndProject
Project("{9A19103F-16F7-4668-BE54-9A1E7A4F7556}") = "Entities", "..\Entities\Entities.csproj", "{5E3E4EB7-4168-473A-B76F-36B95AD45678}"
EndProject
Project("{9A19103F-16F7-4668-BE54-9A1E7A4F7556}") = "IdentityModel", "..\IdentityModel\IdentityModel\IdentityModel.csproj", "{57E6A212-AE53-451A-A51B-6C0890BBE4F4}"
EndProject
Global
	GlobalSection(SolutionConfigurationPlatforms) = preSolution
		Debug|Any CPU = Debug|Any CPU
		Release|Any CPU = Release|Any CPU
	EndGlobalSection
	GlobalSection(ProjectConfigurationPlatforms) = postSolution
		{2763058F-FB55-47BF-B9B5-F39A2E733BD2}.Debug|Any CPU.ActiveCfg = Debug|Any CPU
		{2763058F-FB55-47BF-B9B5-F39A2E733BD2}.Debug|Any CPU.Build.0 = Debug|Any CPU
		{2763058F-FB55-47BF-B9B5-F39A2E733BD2}.Release|Any CPU.ActiveCfg = Release|Any CPU
		{2763058F-FB55-47BF-B9B5-F39A2E733BD2}.Release|Any CPU.Build.0 = Release|Any CPU
		{A0B448D5-603B-4488-9FB8-73DEE25D47F7}.Debug|Any CPU.ActiveCfg = Debug|Any CPU
		{A0B448D5-603B-4488-9FB8-73DEE25D47F7}.Debug|Any CPU.Build.0 = Debug|Any CPU
		{A0B448D5-603B-4488-9FB8-73DEE25D47F7}.Release|Any CPU.ActiveCfg = Release|Any CPU
		{A0B448D5-603B-4488-9FB8-73DEE25D47F7}.Release|Any CPU.Build.0 = Release|Any CPU
		{F087CD21-D746-4F63-84B1-9038E471E258}.Debug|Any CPU.ActiveCfg = Debug|Any CPU
		{F087CD21-D746-4F63-84B1-9038E471E258}.Debug|Any CPU.Build.0 = Debug|Any CPU
		{F087CD21-D746-4F63-84B1-9038E471E258}.Release|Any CPU.ActiveCfg = Release|Any CPU
		{F087CD21-D746-4F63-84B1-9038E471E258}.Release|Any CPU.Build.0 = Release|Any CPU
		{68B365E5-3ACB-4353-B09D-539154287278}.Debug|Any CPU.ActiveCfg = Debug|Any CPU
		{68B365E5-3ACB-4353-B09D-539154287278}.Debug|Any CPU.Build.0 = Debug|Any CPU
		{68B365E5-3ACB-4353-B09D-539154287278}.Release|Any CPU.ActiveCfg = Release|Any CPU
		{68B365E5-3ACB-4353-B09D-539154287278}.Release|Any CPU.Build.0 = Release|Any CPU
		{6705A522-FCF9-4FE4-A9AE-57A28EC49886}.Debug|Any CPU.ActiveCfg = Debug|Any CPU
		{6705A522-FCF9-4FE4-A9AE-57A28EC49886}.Debug|Any CPU.Build.0 = Debug|Any CPU
		{6705A522-FCF9-4FE4-A9AE-57A28EC49886}.Release|Any CPU.ActiveCfg = Release|Any CPU
		{6705A522-FCF9-4FE4-A9AE-57A28EC49886}.Release|Any CPU.Build.0 = Release|Any CPU
		{5E3E4EB7-4168-473A-B76F-36B95AD45678}.Debug|Any CPU.ActiveCfg = Debug|Any CPU
		{5E3E4EB7-4168-473A-B76F-36B95AD45678}.Debug|Any CPU.Build.0 = Debug|Any CPU
		{5E3E4EB7-4168-473A-B76F-36B95AD45678}.Release|Any CPU.ActiveCfg = Release|Any CPU
		{5E3E4EB7-4168-473A-B76F-36B95AD45678}.Release|Any CPU.Build.0 = Release|Any CPU
		{57E6A212-AE53-451A-A51B-6C0890BBE4F4}.Debug|Any CPU.ActiveCfg = Debug|Any CPU
		{57E6A212-AE53-451A-A51B-6C0890BBE4F4}.Debug|Any CPU.Build.0 = Debug|Any CPU
		{57E6A212-AE53-451A-A51B-6C0890BBE4F4}.Release|Any CPU.ActiveCfg = Release|Any CPU
		{57E6A212-AE53-451A-A51B-6C0890BBE4F4}.Release|Any CPU.Build.0 = Release|Any CPU
	EndGlobalSection
	GlobalSection(SolutionProperties) = preSolution
		HideSolutionNode = FALSE
	EndGlobalSection
	GlobalSection(NestedProjects) = preSolution
		{A0B448D5-603B-4488-9FB8-73DEE25D47F7} = {14B3CC7D-E535-45D2-B61D-A45D23D074E2}
		{F087CD21-D746-4F63-84B1-9038E471E258} = {14B3CC7D-E535-45D2-B61D-A45D23D074E2}
		{68B365E5-3ACB-4353-B09D-539154287278} = {14B3CC7D-E535-45D2-B61D-A45D23D074E2}
		{6705A522-FCF9-4FE4-A9AE-57A28EC49886} = {14B3CC7D-E535-45D2-B61D-A45D23D074E2}
		{5E3E4EB7-4168-473A-B76F-36B95AD45678} = {14B3CC7D-E535-45D2-B61D-A45D23D074E2}
		{57E6A212-AE53-451A-A51B-6C0890BBE4F4} = {14B3CC7D-E535-45D2-B61D-A45D23D074E2}
	EndGlobalSection
	GlobalSection(ExtensibilityGlobals) = postSolution
		SolutionGuid = {22545C6A-78C5-4BE0-914F-488EBE7C0C86}
	EndGlobalSection
EndGlobal
