
Microsoft Visual Studio Solution File, Format Version 12.00
# Visual Studio Version 16
VisualStudioVersion = 16.0.29230.47
MinimumVisualStudioVersion = 10.0.40219.1
Project("{9A19103F-16F7-4668-BE54-9A1E7A4F7556}") = "Directory", "Directory\Directory.csproj", "{0FBAD6CC-B1AA-4A4C-AB48-E000BBB50DC5}"
EndProject
Project("{9A19103F-16F7-4668-BE54-9A1E7A4F7556}") = "Common", "..\Common\Common\Common.csproj", "{7F5613CC-314C-4FEA-9311-ABD73D6024D8}"
EndProject
Project("{9A19103F-16F7-4668-BE54-9A1E7A4F7556}") = "MvcPoc", "MvcPoc\MvcPoc.csproj", "{141C3AFF-27F7-4A4C-A991-DA0772D75B6B}"
EndProject
Global
	GlobalSection(SolutionConfigurationPlatforms) = preSolution
		Debug|Any CPU = Debug|Any CPU
		Release|Any CPU = Release|Any CPU
	EndGlobalSection
	GlobalSection(ProjectConfigurationPlatforms) = postSolution
		{0FBAD6CC-B1AA-4A4C-AB48-E000BBB50DC5}.Debug|Any CPU.ActiveCfg = Debug|Any CPU
		{0FBAD6CC-B1AA-4A4C-AB48-E000BBB50DC5}.Debug|Any CPU.Build.0 = Debug|Any CPU
		{0FBAD6CC-B1AA-4A4C-AB48-E000BBB50DC5}.Release|Any CPU.ActiveCfg = Release|Any CPU
		{0FBAD6CC-B1AA-4A4C-AB48-E000BBB50DC5}.Release|Any CPU.Build.0 = Release|Any CPU
		{7F5613CC-314C-4FEA-9311-ABD73D6024D8}.Debug|Any CPU.ActiveCfg = Debug|Any CPU
		{7F5613CC-314C-4FEA-9311-ABD73D6024D8}.Debug|Any CPU.Build.0 = Debug|Any CPU
		{7F5613CC-314C-4FEA-9311-ABD73D6024D8}.Release|Any CPU.ActiveCfg = Release|Any CPU
		{7F5613CC-314C-4FEA-9311-ABD73D6024D8}.Release|Any CPU.Build.0 = Release|Any CPU
		{141C3AFF-27F7-4A4C-A991-DA0772D75B6B}.Debug|Any CPU.ActiveCfg = Debug|Any CPU
		{141C3AFF-27F7-4A4C-A991-DA0772D75B6B}.Debug|Any CPU.Build.0 = Debug|Any CPU
		{141C3AFF-27F7-4A4C-A991-DA0772D75B6B}.Release|Any CPU.ActiveCfg = Release|Any CPU
		{141C3AFF-27F7-4A4C-A991-DA0772D75B6B}.Release|Any CPU.Build.0 = Release|Any CPU
	EndGlobalSection
	GlobalSection(SolutionProperties) = preSolution
		HideSolutionNode = FALSE
	EndGlobalSection
	GlobalSection(ExtensibilityGlobals) = postSolution
		SolutionGuid = {F69E879D-C939-473F-85E6-FE88BAA34BA3}
	EndGlobalSection
EndGlobal
