
Microsoft Visual Studio Solution File, Format Version 12.00
# Visual Studio Version 17
VisualStudioVersion = 17.1.32228.430
MinimumVisualStudioVersion = 10.0.40219.1
Project("{9A19103F-16F7-4668-BE54-9A1E7A4F7556}") = "Directory", "app\Directory\Directory.csproj", "{EF09E824-9559-4FD7-8938-18313DB6D008}"
EndProject
Project("{2150E333-8FDC-42A3-9474-1A3956D46DE8}") = "lib", "lib", "{E6110395-5696-4D01-BF99-A1BF9F0C6A2B}"
EndProject
Project("{9A19103F-16F7-4668-BE54-9A1E7A4F7556}") = "Data", "lib\Data\Data.csproj", "{2880CAC6-8659-435A-A2A3-4F622CB7D2C2}"
EndProject
Project("{9A19103F-16F7-4668-BE54-9A1E7A4F7556}") = "Core", "lib\Core\Core.csproj", "{1C1EAC80-4E7E-4058-ABFA-1E3A9B1D1F8F}"
EndProject
Project("{9A19103F-16F7-4668-BE54-9A1E7A4F7556}") = "Omop", "lib\Omop\Omop.csproj", "{60BDA32C-8090-48D8-8758-0840694D8A2B}"
EndProject
Global
	GlobalSection(SolutionConfigurationPlatforms) = preSolution
		Debug|Any CPU = Debug|Any CPU
		Release|Any CPU = Release|Any CPU
	EndGlobalSection
	GlobalSection(ProjectConfigurationPlatforms) = postSolution
		{EF09E824-9559-4FD7-8938-18313DB6D008}.Debug|Any CPU.ActiveCfg = Debug|Any CPU
		{EF09E824-9559-4FD7-8938-18313DB6D008}.Debug|Any CPU.Build.0 = Debug|Any CPU
		{EF09E824-9559-4FD7-8938-18313DB6D008}.Release|Any CPU.ActiveCfg = Release|Any CPU
		{EF09E824-9559-4FD7-8938-18313DB6D008}.Release|Any CPU.Build.0 = Release|Any CPU
		{2880CAC6-8659-435A-A2A3-4F622CB7D2C2}.Debug|Any CPU.ActiveCfg = Debug|Any CPU
		{2880CAC6-8659-435A-A2A3-4F622CB7D2C2}.Debug|Any CPU.Build.0 = Debug|Any CPU
		{2880CAC6-8659-435A-A2A3-4F622CB7D2C2}.Release|Any CPU.ActiveCfg = Release|Any CPU
		{2880CAC6-8659-435A-A2A3-4F622CB7D2C2}.Release|Any CPU.Build.0 = Release|Any CPU
		{1C1EAC80-4E7E-4058-ABFA-1E3A9B1D1F8F}.Debug|Any CPU.ActiveCfg = Debug|Any CPU
		{1C1EAC80-4E7E-4058-ABFA-1E3A9B1D1F8F}.Debug|Any CPU.Build.0 = Debug|Any CPU
		{1C1EAC80-4E7E-4058-ABFA-1E3A9B1D1F8F}.Release|Any CPU.ActiveCfg = Release|Any CPU
		{1C1EAC80-4E7E-4058-ABFA-1E3A9B1D1F8F}.Release|Any CPU.Build.0 = Release|Any CPU
		{60BDA32C-8090-48D8-8758-0840694D8A2B}.Debug|Any CPU.ActiveCfg = Debug|Any CPU
		{60BDA32C-8090-48D8-8758-0840694D8A2B}.Debug|Any CPU.Build.0 = Debug|Any CPU
		{60BDA32C-8090-48D8-8758-0840694D8A2B}.Release|Any CPU.ActiveCfg = Release|Any CPU
		{60BDA32C-8090-48D8-8758-0840694D8A2B}.Release|Any CPU.Build.0 = Release|Any CPU
	EndGlobalSection
	GlobalSection(SolutionProperties) = preSolution
		HideSolutionNode = FALSE
	EndGlobalSection
	GlobalSection(NestedProjects) = preSolution
		{2880CAC6-8659-435A-A2A3-4F622CB7D2C2} = {E6110395-5696-4D01-BF99-A1BF9F0C6A2B}
		{1C1EAC80-4E7E-4058-ABFA-1E3A9B1D1F8F} = {E6110395-5696-4D01-BF99-A1BF9F0C6A2B}
		{60BDA32C-8090-48D8-8758-0840694D8A2B} = {E6110395-5696-4D01-BF99-A1BF9F0C6A2B}
	EndGlobalSection
	GlobalSection(ExtensibilityGlobals) = postSolution
		SolutionGuid = {09E011EE-A232-4E71-A777-D9BB21E3B503}
	EndGlobalSection
EndGlobal
