
Microsoft Visual Studio Solution File, Format Version 12.00
# Visual Studio Version 17
VisualStudioVersion = 17.0.31919.166
MinimumVisualStudioVersion = 10.0.40219.1
Project("{FAE04EC0-301F-11D3-BF4B-00C04F79EFBC}") = "Omop", "Omop\Omop.csproj", "{79839DC1-0758-47D5-AD28-64A1FF3A2EFE}"
EndProject
Global
	GlobalSection(SolutionConfigurationPlatforms) = preSolution
		Debug|Any CPU = Debug|Any CPU
		Release|Any CPU = Release|Any CPU
	EndGlobalSection
	GlobalSection(ProjectConfigurationPlatforms) = postSolution
		{79839DC1-0758-47D5-AD28-64A1FF3A2EFE}.Debug|Any CPU.ActiveCfg = Debug|Any CPU
		{79839DC1-0758-47D5-AD28-64A1FF3A2EFE}.Debug|Any CPU.Build.0 = Debug|Any CPU
		{79839DC1-0758-47D5-AD28-64A1FF3A2EFE}.Release|Any CPU.ActiveCfg = Release|Any CPU
		{79839DC1-0758-47D5-AD28-64A1FF3A2EFE}.Release|Any CPU.Build.0 = Release|Any CPU
	EndGlobalSection
	GlobalSection(SolutionProperties) = preSolution
		HideSolutionNode = FALSE
	EndGlobalSection
	GlobalSection(ExtensibilityGlobals) = postSolution
		SolutionGuid = {7B62B620-AA48-41C2-AF89-324B5FA7ECB9}
	EndGlobalSection
EndGlobal
