
Microsoft Visual Studio Solution File, Format Version 12.00
# Visual Studio Version 16
VisualStudioVersion = 16.0.31205.134
MinimumVisualStudioVersion = 10.0.40219.1
Project("{9A19103F-16F7-4668-BE54-9A1E7A4F7556}") = "PublicationsAzFunctions", "PublicationsAzFunctions.csproj", "{1815E626-DE2F-42CE-BA87-8D1B893D0298}"
EndProject
Project("{9A19103F-16F7-4668-BE54-9A1E7A4F7556}") = "Publications", "..\Publications\Publications.csproj", "{579A33A8-CB41-4571-A0FE-747717CA8DFF}"
EndProject
Project("{9A19103F-16F7-4668-BE54-9A1E7A4F7556}") = "Entities", "..\..\Entities\Entities.csproj", "{2D3B0035-E27F-4816-B242-986EDA20220F}"
EndProject
Project("{9A19103F-16F7-4668-BE54-9A1E7A4F7556}") = "Data", "..\..\Data\Data.csproj", "{8FB0102A-73C2-4FFB-93F1-2DF6FA258533}"
EndProject
Project("{2150E333-8FDC-42A3-9474-1A3956D46DE8}") = "lib", "lib", "{830A4402-C5E7-4EC7-A7B6-68F2072F54C1}"
EndProject
Global
	GlobalSection(SolutionConfigurationPlatforms) = preSolution
		Debug|Any CPU = Debug|Any CPU
		Release|Any CPU = Release|Any CPU
	EndGlobalSection
	GlobalSection(ProjectConfigurationPlatforms) = postSolution
		{1815E626-DE2F-42CE-BA87-8D1B893D0298}.Debug|Any CPU.ActiveCfg = Debug|Any CPU
		{1815E626-DE2F-42CE-BA87-8D1B893D0298}.Debug|Any CPU.Build.0 = Debug|Any CPU
		{1815E626-DE2F-42CE-BA87-8D1B893D0298}.Release|Any CPU.ActiveCfg = Release|Any CPU
		{1815E626-DE2F-42CE-BA87-8D1B893D0298}.Release|Any CPU.Build.0 = Release|Any CPU
		{579A33A8-CB41-4571-A0FE-747717CA8DFF}.Debug|Any CPU.ActiveCfg = Debug|Any CPU
		{579A33A8-CB41-4571-A0FE-747717CA8DFF}.Debug|Any CPU.Build.0 = Debug|Any CPU
		{579A33A8-CB41-4571-A0FE-747717CA8DFF}.Release|Any CPU.ActiveCfg = Release|Any CPU
		{579A33A8-CB41-4571-A0FE-747717CA8DFF}.Release|Any CPU.Build.0 = Release|Any CPU
		{2D3B0035-E27F-4816-B242-986EDA20220F}.Debug|Any CPU.ActiveCfg = Debug|Any CPU
		{2D3B0035-E27F-4816-B242-986EDA20220F}.Debug|Any CPU.Build.0 = Debug|Any CPU
		{2D3B0035-E27F-4816-B242-986EDA20220F}.Release|Any CPU.ActiveCfg = Release|Any CPU
		{2D3B0035-E27F-4816-B242-986EDA20220F}.Release|Any CPU.Build.0 = Release|Any CPU
		{8FB0102A-73C2-4FFB-93F1-2DF6FA258533}.Debug|Any CPU.ActiveCfg = Debug|Any CPU
		{8FB0102A-73C2-4FFB-93F1-2DF6FA258533}.Debug|Any CPU.Build.0 = Debug|Any CPU
		{8FB0102A-73C2-4FFB-93F1-2DF6FA258533}.Release|Any CPU.ActiveCfg = Release|Any CPU
		{8FB0102A-73C2-4FFB-93F1-2DF6FA258533}.Release|Any CPU.Build.0 = Release|Any CPU
	EndGlobalSection
	GlobalSection(SolutionProperties) = preSolution
		HideSolutionNode = FALSE
	EndGlobalSection
	GlobalSection(NestedProjects) = preSolution
		{579A33A8-CB41-4571-A0FE-747717CA8DFF} = {830A4402-C5E7-4EC7-A7B6-68F2072F54C1}
		{2D3B0035-E27F-4816-B242-986EDA20220F} = {830A4402-C5E7-4EC7-A7B6-68F2072F54C1}
		{8FB0102A-73C2-4FFB-93F1-2DF6FA258533} = {830A4402-C5E7-4EC7-A7B6-68F2072F54C1}
	EndGlobalSection
	GlobalSection(ExtensibilityGlobals) = postSolution
		SolutionGuid = {903625EF-174F-4B08-8E90-3C5C1C75F0D7}
	EndGlobalSection
EndGlobal
