
Microsoft Visual Studio Solution File, Format Version 12.00
# Visual Studio Version 16
VisualStudioVersion = 16.0.30803.129
MinimumVisualStudioVersion = 10.0.40219.1
Project("{9A19103F-16F7-4668-BE54-9A1E7A4F7556}") = "DataSeed", "DataSeed.csproj", "{0CF6D829-E3A9-429F-9C00-BCD71A3C455C}"
EndProject
Project("{2150E333-8FDC-42A3-9474-1A3956D46DE8}") = "lib", "lib", "{32B72A2D-5136-4F9A-B9B2-C1FD47F3A688}"
EndProject
Project("{9A19103F-16F7-4668-BE54-9A1E7A4F7556}") = "Data", "..\Data\Data.csproj", "{7E9EB1D0-629D-4D32-A04A-D11A86FCF5FD}"
EndProject
Project("{9A19103F-16F7-4668-BE54-9A1E7A4F7556}") = "Entities", "..\Entities\Entities.csproj", "{460DD0DD-7B78-4C2D-B5A9-40B3C20EE8FE}"
EndProject
Project("{9A19103F-16F7-4668-BE54-9A1E7A4F7556}") = "Services", "..\Directory\Services\Services.csproj", "{D7038847-39FF-4AE6-B7AA-16AF09F2F29B}"
EndProject
Global
	GlobalSection(SolutionConfigurationPlatforms) = preSolution
		Debug|Any CPU = Debug|Any CPU
		Release|Any CPU = Release|Any CPU
	EndGlobalSection
	GlobalSection(ProjectConfigurationPlatforms) = postSolution
		{0CF6D829-E3A9-429F-9C00-BCD71A3C455C}.Debug|Any CPU.ActiveCfg = Debug|Any CPU
		{0CF6D829-E3A9-429F-9C00-BCD71A3C455C}.Debug|Any CPU.Build.0 = Debug|Any CPU
		{0CF6D829-E3A9-429F-9C00-BCD71A3C455C}.Release|Any CPU.ActiveCfg = Release|Any CPU
		{0CF6D829-E3A9-429F-9C00-BCD71A3C455C}.Release|Any CPU.Build.0 = Release|Any CPU
		{7E9EB1D0-629D-4D32-A04A-D11A86FCF5FD}.Debug|Any CPU.ActiveCfg = Debug|Any CPU
		{7E9EB1D0-629D-4D32-A04A-D11A86FCF5FD}.Debug|Any CPU.Build.0 = Debug|Any CPU
		{7E9EB1D0-629D-4D32-A04A-D11A86FCF5FD}.Release|Any CPU.ActiveCfg = Release|Any CPU
		{7E9EB1D0-629D-4D32-A04A-D11A86FCF5FD}.Release|Any CPU.Build.0 = Release|Any CPU
		{460DD0DD-7B78-4C2D-B5A9-40B3C20EE8FE}.Debug|Any CPU.ActiveCfg = Debug|Any CPU
		{460DD0DD-7B78-4C2D-B5A9-40B3C20EE8FE}.Debug|Any CPU.Build.0 = Debug|Any CPU
		{460DD0DD-7B78-4C2D-B5A9-40B3C20EE8FE}.Release|Any CPU.ActiveCfg = Release|Any CPU
		{460DD0DD-7B78-4C2D-B5A9-40B3C20EE8FE}.Release|Any CPU.Build.0 = Release|Any CPU
		{D7038847-39FF-4AE6-B7AA-16AF09F2F29B}.Debug|Any CPU.ActiveCfg = Debug|Any CPU
		{D7038847-39FF-4AE6-B7AA-16AF09F2F29B}.Debug|Any CPU.Build.0 = Debug|Any CPU
		{D7038847-39FF-4AE6-B7AA-16AF09F2F29B}.Release|Any CPU.ActiveCfg = Release|Any CPU
		{D7038847-39FF-4AE6-B7AA-16AF09F2F29B}.Release|Any CPU.Build.0 = Release|Any CPU
	EndGlobalSection
	GlobalSection(SolutionProperties) = preSolution
		HideSolutionNode = FALSE
	EndGlobalSection
	GlobalSection(NestedProjects) = preSolution
		{7E9EB1D0-629D-4D32-A04A-D11A86FCF5FD} = {32B72A2D-5136-4F9A-B9B2-C1FD47F3A688}
		{460DD0DD-7B78-4C2D-B5A9-40B3C20EE8FE} = {32B72A2D-5136-4F9A-B9B2-C1FD47F3A688}
		{D7038847-39FF-4AE6-B7AA-16AF09F2F29B} = {32B72A2D-5136-4F9A-B9B2-C1FD47F3A688}
	EndGlobalSection
	GlobalSection(ExtensibilityGlobals) = postSolution
		SolutionGuid = {88AF197B-C010-4B28-964F-575761160F71}
	EndGlobalSection
EndGlobal
