
Microsoft Visual Studio Solution File, Format Version 12.00
# Visual Studio Version 16
VisualStudioVersion = 16.0.30803.129
MinimumVisualStudioVersion = 10.0.40219.1
Project("{9A19103F-16F7-4668-BE54-9A1E7A4F7556}") = "DataSeed", "DataSeed.csproj", "{0CF6D829-E3A9-429F-9C00-BCD71A3C455C}"
EndProject
Global
	GlobalSection(SolutionConfigurationPlatforms) = preSolution
		Debug|Any CPU = Debug|Any CPU
		Release|Any CPU = Release|Any CPU
	EndGlobalSection
	GlobalSection(ProjectConfigurationPlatforms) = postSolution
		{0CF6D829-E3A9-429F-9C00-BCD71A3C455C}.Debug|Any CPU.ActiveCfg = Debug|Any CPU
		{0CF6D829-E3A9-429F-9C00-BCD71A3C455C}.Debug|Any CPU.Build.0 = Debug|Any CPU
		{0CF6D829-E3A9-429F-9C00-BCD71A3C455C}.Release|Any CPU.ActiveCfg = Release|Any CPU
		{0CF6D829-E3A9-429F-9C00-BCD71A3C455C}.Release|Any CPU.Build.0 = Release|Any CPU
	EndGlobalSection
	GlobalSection(SolutionProperties) = preSolution
		HideSolutionNode = FALSE
	EndGlobalSection
	GlobalSection(ExtensibilityGlobals) = postSolution
		SolutionGuid = {88AF197B-C010-4B28-964F-575761160F71}
	EndGlobalSection
EndGlobal
