{
  "version": 1,
  "dependencies": {
    ".NETFramework,Version=v4.7.2": {
      "EntityFramework": {
        "type": "Direct",
        "requested": "[6.4.4, )",
        "resolved": "6.4.4",
        "contentHash": "yj1+/4tci7Panu3jKDHYizxwVm0Jvm7b7m057b5h4u8NUHGCR8WIWirBTw+8EptRffwftIWPBeIRGNKD1ewEMQ=="
      }
    }
  }
}