
Microsoft Visual Studio Solution File, Format Version 12.00
# Visual Studio Version 16
VisualStudioVersion = 16.0.30523.141
MinimumVisualStudioVersion = 10.0.40219.1
Project("{9A19103F-16F7-4668-BE54-9A1E7A4F7556}") = "Common", "Common\Common.csproj", "{3DF8B7A4-BA2C-4F1A-8DCD-F63EF2FDFD1C}"
EndProject
Project("{2150E333-8FDC-42A3-9474-1A3956D46DE8}") = "Tests", "Tests", "{E1E25B6E-47A0-434C-9986-7995CEBC00C8}"
EndProject
Project("{9A19103F-16F7-4668-BE54-9A1E7A4F7556}") = "IdentityProviderFacts", "Tests\IdentityProviderFacts\IdentityProviderFacts.csproj", "{EC78BC73-0C43-48C6-8542-11C0C6162FFD}"
EndProject
Project("{9A19103F-16F7-4668-BE54-9A1E7A4F7556}") = "SubmissionApiFacts", "Tests\SubmissionApiFacts\SubmissionApiFacts.csproj", "{C20E9037-4B9F-4E60-A59D-1086CBCA2AB2}"
EndProject
Project("{9A19103F-16F7-4668-BE54-9A1E7A4F7556}") = "SubmissionApi", "SubmissionApi\SubmissionApi.csproj", "{EF09E824-9559-4FD7-8938-18313DB6D008}"
EndProject
Project("{9A19103F-16F7-4668-BE54-9A1E7A4F7556}") = "ExpiryJob", "ExpiryJob\ExpiryJob.csproj", "{8A87EAD8-727D-4134-A0AA-9E335B40B534}"
EndProject
Project("{9A19103F-16F7-4668-BE54-9A1E7A4F7556}") = "IdentityProvider", "IdentityProvider\IdentityProvider.csproj", "{38805BC6-18F7-4809-BFF5-773D73CB74AD}"
EndProject
Project("{9A19103F-16F7-4668-BE54-9A1E7A4F7556}") = "SubmissionJob", "SubmissionJob\SubmissionJob.csproj", "{3027943B-B5AC-46A0-8663-E677DE81C0AC}"
EndProject
Project("{FAE04EC0-301F-11D3-BF4B-00C04F79EFBC}") = "SubmissionProcessJob", "SubmissionProcessJob\SubmissionProcessJob.csproj", "{7C828BE5-E520-4725-B382-450D3B775FCD}"
EndProject
Global
	GlobalSection(SolutionConfigurationPlatforms) = preSolution
		Debug|Any CPU = Debug|Any CPU
		Release|Any CPU = Release|Any CPU
	EndGlobalSection
	GlobalSection(ProjectConfigurationPlatforms) = postSolution
		{3DF8B7A4-BA2C-4F1A-8DCD-F63EF2FDFD1C}.Debug|Any CPU.ActiveCfg = Debug|Any CPU
		{3DF8B7A4-BA2C-4F1A-8DCD-F63EF2FDFD1C}.Debug|Any CPU.Build.0 = Debug|Any CPU
		{3DF8B7A4-BA2C-4F1A-8DCD-F63EF2FDFD1C}.Release|Any CPU.ActiveCfg = Release|Any CPU
		{3DF8B7A4-BA2C-4F1A-8DCD-F63EF2FDFD1C}.Release|Any CPU.Build.0 = Release|Any CPU
		{EC78BC73-0C43-48C6-8542-11C0C6162FFD}.Debug|Any CPU.ActiveCfg = Debug|Any CPU
		{EC78BC73-0C43-48C6-8542-11C0C6162FFD}.Debug|Any CPU.Build.0 = Debug|Any CPU
		{EC78BC73-0C43-48C6-8542-11C0C6162FFD}.Release|Any CPU.ActiveCfg = Release|Any CPU
		{EC78BC73-0C43-48C6-8542-11C0C6162FFD}.Release|Any CPU.Build.0 = Release|Any CPU
		{C20E9037-4B9F-4E60-A59D-1086CBCA2AB2}.Debug|Any CPU.ActiveCfg = Debug|Any CPU
		{C20E9037-4B9F-4E60-A59D-1086CBCA2AB2}.Debug|Any CPU.Build.0 = Debug|Any CPU
		{C20E9037-4B9F-4E60-A59D-1086CBCA2AB2}.Release|Any CPU.ActiveCfg = Release|Any CPU
		{C20E9037-4B9F-4E60-A59D-1086CBCA2AB2}.Release|Any CPU.Build.0 = Release|Any CPU
		{EF09E824-9559-4FD7-8938-18313DB6D008}.Debug|Any CPU.ActiveCfg = Debug|Any CPU
		{EF09E824-9559-4FD7-8938-18313DB6D008}.Debug|Any CPU.Build.0 = Debug|Any CPU
		{EF09E824-9559-4FD7-8938-18313DB6D008}.Release|Any CPU.ActiveCfg = Release|Any CPU
		{EF09E824-9559-4FD7-8938-18313DB6D008}.Release|Any CPU.Build.0 = Release|Any CPU
		{8A87EAD8-727D-4134-A0AA-9E335B40B534}.Debug|Any CPU.ActiveCfg = Debug|Any CPU
		{8A87EAD8-727D-4134-A0AA-9E335B40B534}.Debug|Any CPU.Build.0 = Debug|Any CPU
		{8A87EAD8-727D-4134-A0AA-9E335B40B534}.Release|Any CPU.ActiveCfg = Release|Any CPU
		{8A87EAD8-727D-4134-A0AA-9E335B40B534}.Release|Any CPU.Build.0 = Release|Any CPU
		{38805BC6-18F7-4809-BFF5-773D73CB74AD}.Debug|Any CPU.ActiveCfg = Debug|Any CPU
		{38805BC6-18F7-4809-BFF5-773D73CB74AD}.Debug|Any CPU.Build.0 = Debug|Any CPU
		{38805BC6-18F7-4809-BFF5-773D73CB74AD}.Release|Any CPU.ActiveCfg = Release|Any CPU
		{38805BC6-18F7-4809-BFF5-773D73CB74AD}.Release|Any CPU.Build.0 = Release|Any CPU
		{3027943B-B5AC-46A0-8663-E677DE81C0AC}.Debug|Any CPU.ActiveCfg = Debug|Any CPU
		{3027943B-B5AC-46A0-8663-E677DE81C0AC}.Debug|Any CPU.Build.0 = Debug|Any CPU
		{3027943B-B5AC-46A0-8663-E677DE81C0AC}.Release|Any CPU.ActiveCfg = Release|Any CPU
		{3027943B-B5AC-46A0-8663-E677DE81C0AC}.Release|Any CPU.Build.0 = Release|Any CPU
		{7C828BE5-E520-4725-B382-450D3B775FCD}.Debug|Any CPU.ActiveCfg = Debug|Any CPU
		{7C828BE5-E520-4725-B382-450D3B775FCD}.Debug|Any CPU.Build.0 = Debug|Any CPU
		{7C828BE5-E520-4725-B382-450D3B775FCD}.Release|Any CPU.ActiveCfg = Release|Any CPU
		{7C828BE5-E520-4725-B382-450D3B775FCD}.Release|Any CPU.Build.0 = Release|Any CPU
	EndGlobalSection
	GlobalSection(SolutionProperties) = preSolution
		HideSolutionNode = FALSE
	EndGlobalSection
	GlobalSection(NestedProjects) = preSolution
		{EC78BC73-0C43-48C6-8542-11C0C6162FFD} = {E1E25B6E-47A0-434C-9986-7995CEBC00C8}
		{C20E9037-4B9F-4E60-A59D-1086CBCA2AB2} = {E1E25B6E-47A0-434C-9986-7995CEBC00C8}
	EndGlobalSection
	GlobalSection(ExtensibilityGlobals) = postSolution
		SolutionGuid = {09E011EE-A232-4E71-A777-D9BB21E3B503}
	EndGlobalSection
EndGlobal
