{
  "version": 1,
  "dependencies": {
    ".NETFramework,Version=v4.8": {
      "EntityFramework": {
        "type": "Direct",
        "requested": "[6.4.4, )",
        "resolved": "6.4.4",
        "contentHash": "yj1+/4tci7Panu3jKDHYizxwVm0Jvm7b7m057b5h4u8NUHGCR8WIWirBTw+8EptRffwftIWPBeIRGNKD1ewEMQ=="
      },
      "Newtonsoft.Json": {
        "type": "Direct",
        "requested": "[12.0.3, )",
        "resolved": "12.0.3",
        "contentHash": "6mgjfnRB4jKMlzHSl+VD+oUc1IebOZabkbyWj2RiTgWwYPPuaK1H97G1sHqGwPlS5npiF5Q0OrxN1wni2n5QWg=="
      },
      "System.Runtime.Caching": {
        "type": "Direct",
        "requested": "[4.7.0, )",
        "resolved": "4.7.0",
        "contentHash": "NdvNRjTPxYvIEhXQszT9L9vJhdQoX6AQ0AlhjTU+5NqFQVuacJTfhPVAvtGWNA2OJCqRiR/okBcZgMwI6MqcZg=="
      },
      "Microsoft.CSharp": {
        "type": "Transitive",
        "resolved": "4.7.0",
        "contentHash": "pTj+D3uJWyN3My70i2Hqo+OXixq3Os2D1nJ2x92FFo6sk8fYS1m1WLNTs0Dc1uPaViH0YvEEwvzddQ7y4rhXmA=="
      },
      "System.ComponentModel.Annotations": {
        "type": "Transitive",
        "resolved": "5.0.0",
        "contentHash": "dMkqfy2el8A8/I76n2Hi1oBFEbG1SfxD2l5nhwXV3XjlnOmwxJlQbYpJH4W51odnU9sARCSAgv7S3CyAFMkpYg=="
      },
      "entities": {
        "type": "Project",
        "dependencies": {
          "Microsoft.CSharp": "4.7.0",
          "System.ComponentModel.Annotations": "5.0.0"
        }
      }
    }
  }
}