
Microsoft Visual Studio Solution File, Format Version 12.00
# Visual Studio Version 16
VisualStudioVersion = 16.0.30320.27
MinimumVisualStudioVersion = 10.0.40219.1
Project("{FAE04EC0-301F-11D3-BF4B-00C04F79EFBC}") = "LegacyData", "LegacyData.csproj", "{5725B32C-0007-42FD-B3D3-B52186285282}"
EndProject
Project("{9A19103F-16F7-4668-BE54-9A1E7A4F7556}") = "Common", "..\Submissions\Common\Common.csproj", "{C2C27CFD-4C82-4415-A551-C5D67DB0BCC1}"
EndProject
Global
	GlobalSection(SolutionConfigurationPlatforms) = preSolution
		Debug|Any CPU = Debug|Any CPU
		Release|Any CPU = Release|Any CPU
	EndGlobalSection
	GlobalSection(ProjectConfigurationPlatforms) = postSolution
		{5725B32C-0007-42FD-B3D3-B52186285282}.Debug|Any CPU.ActiveCfg = Debug|Any CPU
		{5725B32C-0007-42FD-B3D3-B52186285282}.Debug|Any CPU.Build.0 = Debug|Any CPU
		{5725B32C-0007-42FD-B3D3-B52186285282}.Release|Any CPU.ActiveCfg = Release|Any CPU
		{5725B32C-0007-42FD-B3D3-B52186285282}.Release|Any CPU.Build.0 = Release|Any CPU
		{C2C27CFD-4C82-4415-A551-C5D67DB0BCC1}.Debug|Any CPU.ActiveCfg = Debug|Any CPU
		{C2C27CFD-4C82-4415-A551-C5D67DB0BCC1}.Debug|Any CPU.Build.0 = Debug|Any CPU
		{C2C27CFD-4C82-4415-A551-C5D67DB0BCC1}.Release|Any CPU.ActiveCfg = Release|Any CPU
		{C2C27CFD-4C82-4415-A551-C5D67DB0BCC1}.Release|Any CPU.Build.0 = Release|Any CPU
	EndGlobalSection
	GlobalSection(SolutionProperties) = preSolution
		HideSolutionNode = FALSE
	EndGlobalSection
	GlobalSection(ExtensibilityGlobals) = postSolution
		SolutionGuid = {1A961461-FF69-4731-864D-0293278AC223}
	EndGlobalSection
EndGlobal
