
Microsoft Visual Studio Solution File, Format Version 12.00
# Visual Studio Version 16
VisualStudioVersion = 16.0.30320.27
MinimumVisualStudioVersion = 10.0.40219.1
Project("{FAE04EC0-301F-11D3-BF4B-00C04F79EFBC}") = "PublicationsAzureFunctions", "PublicationsAzureFunctions.csproj", "{55101AB7-1482-46C6-81FA-734507E7BE4B}"
EndProject
Global
	GlobalSection(SolutionConfigurationPlatforms) = preSolution
		Debug|Any CPU = Debug|Any CPU
		Release|Any CPU = Release|Any CPU
	EndGlobalSection
	GlobalSection(ProjectConfigurationPlatforms) = postSolution
		{55101AB7-1482-46C6-81FA-734507E7BE4B}.Debug|Any CPU.ActiveCfg = Debug|Any CPU
		{55101AB7-1482-46C6-81FA-734507E7BE4B}.Debug|Any CPU.Build.0 = Debug|Any CPU
		{55101AB7-1482-46C6-81FA-734507E7BE4B}.Release|Any CPU.ActiveCfg = Release|Any CPU
		{55101AB7-1482-46C6-81FA-734507E7BE4B}.Release|Any CPU.Build.0 = Release|Any CPU
	EndGlobalSection
	GlobalSection(SolutionProperties) = preSolution
		HideSolutionNode = FALSE
	EndGlobalSection
	GlobalSection(ExtensibilityGlobals) = postSolution
		SolutionGuid = {EB251D83-F23F-4C5A-A201-31DF7FDC9F59}
	EndGlobalSection
EndGlobal
