
Microsoft Visual Studio Solution File, Format Version 12.00
# Visual Studio Version 16
VisualStudioVersion = 16.0.30509.190
MinimumVisualStudioVersion = 10.0.40219.1
Project("{9A19103F-16F7-4668-BE54-9A1E7A4F7556}") = "Data", "Data.csproj", "{61B23930-2C07-4479-9643-99D5DC003FFD}"
EndProject
Project("{9A19103F-16F7-4668-BE54-9A1E7A4F7556}") = "Entities", "..\Entities\Entities.csproj", "{8A3B704C-F45D-4A45-BA30-4A2CE563A37B}"
EndProject
Global
	GlobalSection(SolutionConfigurationPlatforms) = preSolution
		Debug|Any CPU = Debug|Any CPU
		Release|Any CPU = Release|Any CPU
	EndGlobalSection
	GlobalSection(ProjectConfigurationPlatforms) = postSolution
		{61B23930-2C07-4479-9643-99D5DC003FFD}.Debug|Any CPU.ActiveCfg = Debug|Any CPU
		{61B23930-2C07-4479-9643-99D5DC003FFD}.Debug|Any CPU.Build.0 = Debug|Any CPU
		{61B23930-2C07-4479-9643-99D5DC003FFD}.Release|Any CPU.ActiveCfg = Release|Any CPU
		{61B23930-2C07-4479-9643-99D5DC003FFD}.Release|Any CPU.Build.0 = Release|Any CPU
		{8A3B704C-F45D-4A45-BA30-4A2CE563A37B}.Debug|Any CPU.ActiveCfg = Debug|Any CPU
		{8A3B704C-F45D-4A45-BA30-4A2CE563A37B}.Debug|Any CPU.Build.0 = Debug|Any CPU
		{8A3B704C-F45D-4A45-BA30-4A2CE563A37B}.Release|Any CPU.ActiveCfg = Release|Any CPU
		{8A3B704C-F45D-4A45-BA30-4A2CE563A37B}.Release|Any CPU.Build.0 = Release|Any CPU
	EndGlobalSection
	GlobalSection(SolutionProperties) = preSolution
		HideSolutionNode = FALSE
	EndGlobalSection
	GlobalSection(ExtensibilityGlobals) = postSolution
		SolutionGuid = {796C4589-7748-42D0-A849-C84AECEC9566}
	EndGlobalSection
EndGlobal
